
Microsoft Visual Studio Solution File, Format Version 12.00
# Visual Studio Version 17
VisualStudioVersion = 17.14.36221.1 d17.14
MinimumVisualStudioVersion = 10.0.40219.1
Project("{FAE04EC0-301F-11D3-BF4B-00C04F79EFBC}") = "topic-5", "topic-5.csproj", "{72360FFE-C74D-47BD-A5FD-044DA937F852}"
EndProject
Global
	GlobalSection(SolutionConfigurationPlatforms) = preSolution
		Debug|Any CPU = Debug|Any CPU
		Release|Any CPU = Release|Any CPU
	EndGlobalSection
	GlobalSection(ProjectConfigurationPlatforms) = postSolution
		{72360FFE-C74D-47BD-A5FD-044DA937F852}.Debug|Any CPU.ActiveCfg = Debug|Any CPU
		{72360FFE-C74D-47BD-A5FD-044DA937F852}.Debug|Any CPU.Build.0 = Debug|Any CPU
		{72360FFE-C74D-47BD-A5FD-044DA937F852}.Release|Any CPU.ActiveCfg = Release|Any CPU
		{72360FFE-C74D-47BD-A5FD-044DA937F852}.Release|Any CPU.Build.0 = Release|Any CPU
	EndGlobalSection
	GlobalSection(SolutionProperties) = preSolution
		HideSolutionNode = FALSE
	EndGlobalSection
	GlobalSection(ExtensibilityGlobals) = postSolution
		SolutionGuid = {B8F54930-A98D-4953-9CE0-78CE04646C9F}
	EndGlobalSection
EndGlobal
